
Microsoft Visual Studio Solution File, Format Version 12.00
# Visual Studio Version 17
VisualStudioVersion = 17.4.33403.182
MinimumVisualStudioVersion = 10.0.40219.1
Project("{9A19103F-16F7-4668-BE54-9A1E7A4F7556}") = "RunAsAdmin", "RunAsAdmin\RunAsAdmin.csproj", "{CA48B25B-3826-4ACA-9D1C-908A64122301}"
EndProject
Project("{2150E333-8FDC-42A3-9474-1A3956D46DE8}") = "Solution Items", "Solution Items", "{AFBAC3CF-927E-4860-89EC-9B4353607C46}"
	ProjectSection(SolutionItems) = preProject
		CHANGELOG.md = CHANGELOG.md
		README.md = README.md
		RunAsAdmin.zip = RunAsAdmin.zip
	EndProjectSection
EndProject
Global
	GlobalSection(SolutionConfigurationPlatforms) = preSolution
		Debug|Any CPU = Debug|Any CPU
		Release|Any CPU = Release|Any CPU
	EndGlobalSection
	GlobalSection(ProjectConfigurationPlatforms) = postSolution
		{CA48B25B-3826-4ACA-9D1C-908A64122301}.Debug|Any CPU.ActiveCfg = Debug|Any CPU
		{CA48B25B-3826-4ACA-9D1C-908A64122301}.Debug|Any CPU.Build.0 = Debug|Any CPU
		{CA48B25B-3826-4ACA-9D1C-908A64122301}.Release|Any CPU.ActiveCfg = Release|Any CPU
		{CA48B25B-3826-4ACA-9D1C-908A64122301}.Release|Any CPU.Build.0 = Release|Any CPU
	EndGlobalSection
	GlobalSection(SolutionProperties) = preSolution
		HideSolutionNode = FALSE
	EndGlobalSection
	GlobalSection(ExtensibilityGlobals) = postSolution
		SolutionGuid = {BC6D1632-D479-4E14-8A7B-67A747C53A58}
	EndGlobalSection
EndGlobal
